# This file was autogenerated by Stack.
# You should not edit this file by hand.
# For more information, please see the documentation at:
#   https://docs.haskellstack.org/en/stable/lock_files

packages:
- completed:
    subdir: generic-lens-core
    name: generic-lens-core
    version: 2.1.0.0
    git: https://github.com/kcsongor/generic-lens.git
    pantry-tree:
      size: 2283
      sha256: 5a26b16c38ad8d8ebc81182e1d09858858f16dc117a0c7b084d8446d3a17d749
    commit: 8e1fc7dcf444332c474fca17110d4bc554db08c8
  original:
    subdir: generic-lens-core
    git: https://github.com/kcsongor/generic-lens.git
    commit: 8e1fc7dcf444332c474fca17110d4bc554db08c8
- completed:
    subdir: generic-lens
    name: generic-lens
    version: 2.1.0.0
    git: https://github.com/kcsongor/generic-lens.git
    pantry-tree:
      size: 2630
      sha256: aba81557550537d4cfda2c1b07accff8589da44a1e418a3cde5639eb438d1c86
    commit: 8e1fc7dcf444332c474fca17110d4bc554db08c8
  original:
    subdir: generic-lens
    git: https://github.com/kcsongor/generic-lens.git
    commit: 8e1fc7dcf444332c474fca17110d4bc554db08c8
snapshots:
- completed:
    size: 540164
    url: https://raw.githubusercontent.com/commercialhaskell/stackage-snapshots/master/nightly/2021/7/4.yaml
    sha256: 195e3e9394de03e724525e210f82e30c4488f7c8a09fc70850d75d8b79332993
  original: nightly-2021-07-04
