# This file was autogenerated by Stack.
# You should not edit this file by hand.
# For more information, please see the documentation at:
#   https://docs.haskellstack.org/en/stable/lock_files

packages: []
snapshots:
- completed:
    size: 505396
    url: https://raw.githubusercontent.com/commercialhaskell/stackage-snapshots/master/nightly/2022/3/20.yaml
    sha256: bc9df2f2f2a6bc8814a5f9976de39f8e37eaceee47f887bc72ebb2518e5d3473
  original: nightly-2022-03-20
